# THIS IS AN AUTOGENERATED FILE. DO NOT EDIT THIS FILE DIRECTLY.
# yarn lockfile v1


"@actions/core@^1.11.1":
  version "1.11.1"
  resolved "https://registry.yarnpkg.com/@actions/core/-/core-1.11.1.tgz#ae683aac5112438021588030efb53b1adb86f172"
  integrity sha512-hXJCSrkwfA46Vd9Z3q4cpEpHB1rL5NG04+/rbqW9d3+CSvtB1tYe8UTpAlixa1vj0m/ULglfEK2UKxMGxCxv5A==
  dependencies:
    "@actions/exec" "^1.1.1"
    "@actions/http-client" "^2.0.1"

"@actions/exec@^1.1.1":
  version "1.1.1"
  resolved "https://registry.yarnpkg.com/@actions/exec/-/exec-1.1.1.tgz#2e43f28c54022537172819a7cf886c844221a611"
  integrity sha512-+sCcHHbVdk93a0XT19ECtO/gIXoxvdsgQLzb2fE2/5sIZmWQuluYyjPQtrtTHdU1YzTZ7bAPN4sITq2xi1679w==
  dependencies:
    "@actions/io" "^1.0.1"

"@actions/github@^6.0.1":
  version "6.0.1"
  resolved "https://registry.yarnpkg.com/@actions/github/-/github-6.0.1.tgz#76e5f96df062c90635a7181ef45ff1c4ac21306e"
  integrity sha512-xbZVcaqD4XnQAe35qSQqskb3SqIAfRyLBrHMd/8TuL7hJSz2QtbDwnNM8zWx4zO5l2fnGtseNE3MbEvD7BxVMw==
  dependencies:
    "@actions/http-client" "^2.2.0"
    "@octokit/core" "^5.0.1"
    "@octokit/plugin-paginate-rest" "^9.2.2"
    "@octokit/plugin-rest-endpoint-methods" "^10.4.0"
    "@octokit/request" "^8.4.1"
    "@octokit/request-error" "^5.1.1"
    undici "^5.28.5"

"@actions/http-client@^2.0.1":
  version "2.0.1"
  resolved "https://registry.yarnpkg.com/@actions/http-client/-/http-client-2.0.1.tgz#873f4ca98fe32f6839462a6f046332677322f99c"
  integrity sha512-PIXiMVtz6VvyaRsGY268qvj57hXQEpsYogYOu2nrQhlf+XCGmZstmuZBbAybUl1nQGnvS1k1eEsQ69ZoD7xlSw==
  dependencies:
    tunnel "^0.0.6"

"@actions/http-client@^2.2.0":
  version "2.2.0"
  resolved "https://registry.yarnpkg.com/@actions/http-client/-/http-client-2.2.0.tgz#f8239f375be6185fcd07765efdcf0031ad5df1a0"
  integrity sha512-q+epW0trjVUUHboliPb4UF9g2msf+w61b32tAkFEwL/IwP0DQWgbCMM0Hbe3e3WXSKz5VcUXbzJQgy8Hkra/Lg==
  dependencies:
    tunnel "^0.0.6"
    undici "^5.25.4"

"@actions/io@^1.0.1":
  version "1.1.3"
  resolved "https://registry.yarnpkg.com/@actions/io/-/io-1.1.3.tgz#4cdb6254da7962b07473ff5c335f3da485d94d71"
  integrity sha512-wi9JjgKLYS7U/z8PPbco+PvTb/nRWjeoFlJ1Qer83k/3C5PHQi28hiVdeE2kHXmIL99mQFawx8qt/JPjZilJ8Q==

"@fastify/busboy@^2.0.0":
  version "2.1.0"
  resolved "https://registry.yarnpkg.com/@fastify/busboy/-/busboy-2.1.0.tgz#0709e9f4cb252351c609c6e6d8d6779a8d25edff"
  integrity sha512-+KpH+QxZU7O4675t3mnkQKcZZg56u+K/Ct2K+N2AZYNVK8kyeo/bI18tI8aPm3tvNNRyTWfj6s5tnGNlcbQRsA==

"@octokit/auth-token@^4.0.0":
  version "4.0.0"
  resolved "https://registry.yarnpkg.com/@octokit/auth-token/-/auth-token-4.0.0.tgz#40d203ea827b9f17f42a29c6afb93b7745ef80c7"
  integrity sha512-tY/msAuJo6ARbK6SPIxZrPBms3xPbfwBrulZe0Wtr/DIY9lje2HeV1uoebShn6mx7SjCHif6EjMvoREj+gZ+SA==

"@octokit/core@^5.0.1":
  version "5.1.0"
  resolved "https://registry.yarnpkg.com/@octokit/core/-/core-5.1.0.tgz#81dacf0197ed7855e6413f128bd6dd9e121e7d2f"
  integrity sha512-BDa2VAMLSh3otEiaMJ/3Y36GU4qf6GI+VivQ/P41NC6GHcdxpKlqV0ikSZ5gdQsmS3ojXeRx5vasgNTinF0Q4g==
  dependencies:
    "@octokit/auth-token" "^4.0.0"
    "@octokit/graphql" "^7.0.0"
    "@octokit/request" "^8.0.2"
    "@octokit/request-error" "^5.0.0"
    "@octokit/types" "^12.0.0"
    before-after-hook "^2.2.0"
    universal-user-agent "^6.0.0"

"@octokit/endpoint@^9.0.6":
  version "9.0.6"
  resolved "https://registry.yarnpkg.com/@octokit/endpoint/-/endpoint-9.0.6.tgz#114d912108fe692d8b139cfe7fc0846dfd11b6c0"
  integrity sha512-H1fNTMA57HbkFESSt3Y9+FBICv+0jFceJFPWDePYlR/iMGrwM5ph+Dd4XRQs+8X+PUFURLQgX9ChPfhJ/1uNQw==
  dependencies:
    "@octokit/types" "^13.1.0"
    universal-user-agent "^6.0.0"

"@octokit/graphql@^7.0.0":
  version "7.0.2"
  resolved "https://registry.yarnpkg.com/@octokit/graphql/-/graphql-7.0.2.tgz#3df14b9968192f9060d94ed9e3aa9780a76e7f99"
  integrity sha512-OJ2iGMtj5Tg3s6RaXH22cJcxXRi7Y3EBqbHTBRq+PQAqfaS8f/236fUrWhfSn8P4jovyzqucxme7/vWSSZBX2Q==
  dependencies:
    "@octokit/request" "^8.0.1"
    "@octokit/types" "^12.0.0"
    universal-user-agent "^6.0.0"

"@octokit/openapi-types@^19.1.0":
  version "19.1.0"
  resolved "https://registry.yarnpkg.com/@octokit/openapi-types/-/openapi-types-19.1.0.tgz#75ec7e64743870fc73e1ab4bc6ec252ecdd624dc"
  integrity sha512-6G+ywGClliGQwRsjvqVYpklIfa7oRPA0vyhPQG/1Feh+B+wU0vGH1JiJ5T25d3g1JZYBHzR2qefLi9x8Gt+cpw==

"@octokit/openapi-types@^20.0.0":
  version "20.0.0"
  resolved "https://registry.yarnpkg.com/@octokit/openapi-types/-/openapi-types-20.0.0.tgz#9ec2daa0090eeb865ee147636e0c00f73790c6e5"
  integrity sha512-EtqRBEjp1dL/15V7WiX5LJMIxxkdiGJnabzYx5Apx4FkQIFgAfKumXeYAqqJCj1s+BMX4cPFIFC4OLCR6stlnA==

"@octokit/openapi-types@^24.2.0":
  version "24.2.0"
  resolved "https://registry.yarnpkg.com/@octokit/openapi-types/-/openapi-types-24.2.0.tgz#3d55c32eac0d38da1a7083a9c3b0cca77924f7d3"
  integrity sha512-9sIH3nSUttelJSXUrmGzl7QUBFul0/mB8HRYl3fOlgHbIWG+WnYDXU3v/2zMtAvuzZ/ed00Ei6on975FhBfzrg==

"@octokit/plugin-paginate-rest@^9.2.2":
  version "9.2.2"
  resolved "https://registry.yarnpkg.com/@octokit/plugin-paginate-rest/-/plugin-paginate-rest-9.2.2.tgz#c516bc498736bcdaa9095b9a1d10d9d0501ae831"
  integrity sha512-u3KYkGF7GcZnSD/3UP0S7K5XUFT2FkOQdcfXZGZQPGv3lm4F2Xbf71lvjldr8c1H3nNbF+33cLEkWYbokGWqiQ==
  dependencies:
    "@octokit/types" "^12.6.0"

"@octokit/plugin-rest-endpoint-methods@^10.4.0":
  version "10.4.1"
  resolved "https://registry.yarnpkg.com/@octokit/plugin-rest-endpoint-methods/-/plugin-rest-endpoint-methods-10.4.1.tgz#41ba478a558b9f554793075b2e20cd2ef973be17"
  integrity sha512-xV1b+ceKV9KytQe3zCVqjg+8GTGfDYwaT1ATU5isiUyVtlVAO3HNdzpS4sr4GBx4hxQ46s7ITtZrAsxG22+rVg==
  dependencies:
    "@octokit/types" "^12.6.0"

"@octokit/request-error@^5.0.0", "@octokit/request-error@^5.1.1":
  version "5.1.1"
  resolved "https://registry.yarnpkg.com/@octokit/request-error/-/request-error-5.1.1.tgz#b9218f9c1166e68bb4d0c89b638edc62c9334805"
  integrity sha512-v9iyEQJH6ZntoENr9/yXxjuezh4My67CBSu9r6Ve/05Iu5gNgnisNWOsoJHTP6k0Rr0+HQIpnH+kyammu90q/g==
  dependencies:
    "@octokit/types" "^13.1.0"
    deprecation "^2.0.0"
    once "^1.4.0"

"@octokit/request@^8.0.1", "@octokit/request@^8.0.2", "@octokit/request@^8.4.1":
  version "8.4.1"
  resolved "https://registry.yarnpkg.com/@octokit/request/-/request-8.4.1.tgz#715a015ccf993087977ea4365c44791fc4572486"
  integrity sha512-qnB2+SY3hkCmBxZsR/MPCybNmbJe4KAlfWErXq+rBKkQJlbjdJeS85VI9r8UqeLYLvnAenU8Q1okM/0MBsAGXw==
  dependencies:
    "@octokit/endpoint" "^9.0.6"
    "@octokit/request-error" "^5.1.1"
    "@octokit/types" "^13.1.0"
    universal-user-agent "^6.0.0"

"@octokit/types@^12.0.0":
  version "12.4.0"
  resolved "https://registry.yarnpkg.com/@octokit/types/-/types-12.4.0.tgz#8f97b601e91ce6b9776ed8152217e77a71be7aac"
  integrity sha512-FLWs/AvZllw/AGVs+nJ+ELCDZZJk+kY0zMen118xhL2zD0s1etIUHm1odgjP7epxYU1ln7SZxEUWYop5bhsdgQ==
  dependencies:
    "@octokit/openapi-types" "^19.1.0"

"@octokit/types@^12.6.0":
  version "12.6.0"
  resolved "https://registry.yarnpkg.com/@octokit/types/-/types-12.6.0.tgz#8100fb9eeedfe083aae66473bd97b15b62aedcb2"
  integrity sha512-1rhSOfRa6H9w4YwK0yrf5faDaDTb+yLyBUKOCV4xtCDB5VmIPqd/v9yr9o6SAzOAlRxMiRiCic6JVM1/kunVkw==
  dependencies:
    "@octokit/openapi-types" "^20.0.0"

"@octokit/types@^13.1.0":
  version "13.10.0"
  resolved "https://registry.yarnpkg.com/@octokit/types/-/types-13.10.0.tgz#3e7c6b19c0236c270656e4ea666148c2b51fd1a3"
  integrity sha512-ifLaO34EbbPj0Xgro4G5lP5asESjwHracYJvVaPIyXMuiuXLlhic3S47cBdTb+jfODkTE5YtGCLt3Ay3+J97sA==
  dependencies:
    "@octokit/openapi-types" "^24.2.0"

"@oxlint/darwin-arm64@1.14.0":
  version "1.14.0"
  resolved "https://registry.yarnpkg.com/@oxlint/darwin-arm64/-/darwin-arm64-1.14.0.tgz#ea114e141f7169e6e40926724ec8d9cf0c96341b"
  integrity sha512-rcTw0QWeOc6IeVp+Up7WtcwdS9l4j7TOq4tihF0Ud/fl+VUVdvDCPuZ9QTnLXJhwMXiyQRWdxRyI6XBwf80ncQ==

"@oxlint/darwin-x64@1.14.0":
  version "1.14.0"
  resolved "https://registry.yarnpkg.com/@oxlint/darwin-x64/-/darwin-x64-1.14.0.tgz#6a40daa75b0a09ecd89f56ddb2b74768ce20e09a"
  integrity sha512-TWFSEmyl2/DN4HoXNwQl0y/y3EXFJDctfv5MiDtVOV1GJKX80cGSIxMxXb08Q3CCWqteqEijmfSMo5TG8X1H/A==

"@oxlint/linux-arm64-gnu@1.14.0":
  version "1.14.0"
  resolved "https://registry.yarnpkg.com/@oxlint/linux-arm64-gnu/-/linux-arm64-gnu-1.14.0.tgz#695d650147232b5801a502f5de4f52d5a82aee66"
  integrity sha512-N1FqdKfwhVWPpMElv8qlGqdEefTbDYaRVhdGWOjs/2f7FESa5vX0cvA7ToqzkoXyXZI5DqByWiPML33njK30Kg==

"@oxlint/linux-arm64-musl@1.14.0":
  version "1.14.0"
  resolved "https://registry.yarnpkg.com/@oxlint/linux-arm64-musl/-/linux-arm64-musl-1.14.0.tgz#434cb5927a72d4c1f941a1be037111437b975f6f"
  integrity sha512-v/BPuiateLBb7Gz1STb69EWjkgKdlPQ1NM56z+QQur21ly2hiMkBX2n0zEhqfu9PQVRUizu6AlsYuzcPY/zsIQ==

"@oxlint/linux-x64-gnu@1.14.0":
  version "1.14.0"
  resolved "https://registry.yarnpkg.com/@oxlint/linux-x64-gnu/-/linux-x64-gnu-1.14.0.tgz#f21603a5e8ef0b253122be5b39d1762fe767e407"
  integrity sha512-gUTp8KIrSYt97dn+tRRC3LKnH4xlHKCwrPwiDcGmLbCxojuN9/H5mnIhPKEfwNuZNdoKGS/ABuq3neVyvRCRtQ==

"@oxlint/linux-x64-musl@1.14.0":
  version "1.14.0"
  resolved "https://registry.yarnpkg.com/@oxlint/linux-x64-musl/-/linux-x64-musl-1.14.0.tgz#a74cd6cd669bd2ccad743a57d4a30551a400994f"
  integrity sha512-DpN6cW2HPjYXeENG0JBbmubO8LtfKt6qJqEMBw9gUevbyBaX+k+Jn7sYgh6S23wGOkzmTNphBsf/7ulj4nIVYA==

"@oxlint/win32-arm64@1.14.0":
  version "1.14.0"
  resolved "https://registry.yarnpkg.com/@oxlint/win32-arm64/-/win32-arm64-1.14.0.tgz#7d68ccf6c0b2194311197f03c20ce1cfa8e97160"
  integrity sha512-oXxJksnUTUMgJ0NvjKS1mrCXAy1ttPgIVacRSlxQ+1XHy+aJDMM7I8fsCtoKoEcTIpPaD98eqUqlLYs0H2MGjA==

"@oxlint/win32-x64@1.14.0":
  version "1.14.0"
  resolved "https://registry.yarnpkg.com/@oxlint/win32-x64/-/win32-x64-1.14.0.tgz#1f0111a7bbadc2bbbd75aa4c06d72bb7c38ded1c"
  integrity sha512-iRYy2rhTQKFztyx0jtNMRBnFpzsRwFdjWQ7sKKzJpmbijA3Tw3DCqlGT7QRgoVRF0+X/ccNGvvsrgMohPVfLeQ==

"@types/node@^24.3.1":
  version "24.3.1"
  resolved "https://registry.yarnpkg.com/@types/node/-/node-24.3.1.tgz#b0a3fb2afed0ef98e8d7f06d46ef6349047709f3"
  integrity sha512-3vXmQDXy+woz+gnrTvuvNrPzekOi+Ds0ReMxw0LzBiK3a+1k0kQn9f2NWk+lgD4rJehFUmYy2gMhJ2ZI+7YP9g==
  dependencies:
    undici-types "~7.10.0"

"@vercel/ncc@^0.38.3":
  version "0.38.3"
  resolved "https://registry.yarnpkg.com/@vercel/ncc/-/ncc-0.38.3.tgz#5475eeee3ac0f1a439f237596911525a490a88b5"
  integrity sha512-rnK6hJBS6mwc+Bkab+PGPs9OiS0i/3kdTO+CkI8V0/VrW3vmz7O2Pxjw/owOlmo6PKEIxRSeZKv/kuL9itnpYA==

argparse@^2.0.1:
  version "2.0.1"
  resolved "https://registry.yarnpkg.com/argparse/-/argparse-2.0.1.tgz#246f50f3ca78a3240f6c997e8a9bd1eac49e4b38"
  integrity sha512-8+9WqebbFzpX9OR+Wa6O29asIogeRMzcGtAINdpMHHyAg10f05aSFVBbcEqGf/PXw1EjAZ+q2/bEBg3DvurK3Q==

before-after-hook@^2.2.0:
  version "2.2.3"
  resolved "https://registry.yarnpkg.com/before-after-hook/-/before-after-hook-2.2.3.tgz#c51e809c81a4e354084422b9b26bad88249c517c"
  integrity sha512-NzUnlZexiaH/46WDhANlyR2bXRopNg4F/zuSA3OpZnllCUgRaOF2znDioDWrmbNVsuZk6l9pMquQB38cfBZwkQ==

deprecation@^2.0.0:
  version "2.3.1"
  resolved "https://registry.yarnpkg.com/deprecation/-/deprecation-2.3.1.tgz#6368cbdb40abf3373b525ac87e4a260c3a700919"
  integrity sha512-xmHIy4F3scKVwMsQ4WnVaS8bHOx0DmVwRywosKhaILI0ywMDWPtBSku2HNxRvF7jtwDRsoEwYQSfbxj8b7RlJQ==

js-yaml@^4.1.0:
  version "4.1.0"
  resolved "https://registry.yarnpkg.com/js-yaml/-/js-yaml-4.1.0.tgz#c1fb65f8f5017901cdd2c951864ba18458a10602"
  integrity sha512-wpxZs9NoxZaJESJGIZTyDEaYpl0FKSA+FB9aJiyemKhMwkxQg63h4T1KJgUGHpTqPDNRcmmYLugrRjJlBtWvRA==
  dependencies:
    argparse "^2.0.1"

once@^1.4.0:
  version "1.4.0"
  resolved "https://registry.yarnpkg.com/once/-/once-1.4.0.tgz#583b1aa775961d4b113ac17d9c50baef9dd76bd1"
  integrity sha512-lNaJgI+2Q5URQBkccEKHTQOPaXdUxnZZElQTZY0MFUAuaEqe1E+Nyvgdz/aIyNi6Z9MzO5dv1H8n58/GELp3+w==
  dependencies:
    wrappy "1"

oxlint@^1.14.0:
  version "1.14.0"
  resolved "https://registry.yarnpkg.com/oxlint/-/oxlint-1.14.0.tgz#3831ffce72662a752bcbbc11115a7d374251d188"
  integrity sha512-oo0nq3zF9hmgATGc9esoMahLuEESOodUxEDeHDA2K7tbYcSfcmReE9G2QNppnq9rOSQHLTwlMtzGAjjttYaufQ==
  optionalDependencies:
    "@oxlint/darwin-arm64" "1.14.0"
    "@oxlint/darwin-x64" "1.14.0"
    "@oxlint/linux-arm64-gnu" "1.14.0"
    "@oxlint/linux-arm64-musl" "1.14.0"
    "@oxlint/linux-x64-gnu" "1.14.0"
    "@oxlint/linux-x64-musl" "1.14.0"
    "@oxlint/win32-arm64" "1.14.0"
    "@oxlint/win32-x64" "1.14.0"

prettier@^3.6.2:
  version "3.6.2"
  resolved "https://registry.yarnpkg.com/prettier/-/prettier-3.6.2.tgz#ccda02a1003ebbb2bfda6f83a074978f608b9393"
  integrity sha512-I7AIg5boAr5R0FFtJ6rCfD+LFsWHp81dolrFD8S79U9tb8Az2nGrJncnMSnys+bpQJfRUzqs9hnA81OAA3hCuQ==

tunnel@^0.0.6:
  version "0.0.6"
  resolved "https://registry.yarnpkg.com/tunnel/-/tunnel-0.0.6.tgz#72f1314b34a5b192db012324df2cc587ca47f92c"
  integrity sha512-1h/Lnq9yajKY2PEbBadPXj3VxsDDu844OnaAo52UVmIzIvwwtBPIuNvkjuzBlTWpfJyUbG3ez0KSBibQkj4ojg==

typescript@^5.9.2:
  version "5.9.2"
  resolved "https://registry.yarnpkg.com/typescript/-/typescript-5.9.2.tgz#d93450cddec5154a2d5cabe3b8102b83316fb2a6"
  integrity sha512-CWBzXQrc/qOkhidw1OzBTQuYRbfyxDXJMVJ1XNwUHGROVmuaeiEm3OslpZ1RV96d7SKKjZKrSJu3+t/xlw3R9A==

undici-types@~7.10.0:
  version "7.10.0"
  resolved "https://registry.yarnpkg.com/undici-types/-/undici-types-7.10.0.tgz#4ac2e058ce56b462b056e629cc6a02393d3ff350"
  integrity sha512-t5Fy/nfn+14LuOc2KNYg75vZqClpAiqscVvMygNnlsHBFpSXdJaYtXMcdNLpl/Qvc3P2cB3s6lOV51nqsFq4ag==

undici@^5.25.4, undici@^5.28.5:
  version "5.29.0"
  resolved "https://registry.yarnpkg.com/undici/-/undici-5.29.0.tgz#419595449ae3f2cdcba3580a2e8903399bd1f5a3"
  integrity sha512-raqeBD6NQK4SkWhQzeYKd1KmIG6dllBOTt55Rmkt4HtI9mwdWtJljnrXjAFUBLTSN67HWrOIZ3EPF4kjUw80Bg==
  dependencies:
    "@fastify/busboy" "^2.0.0"

universal-user-agent@^6.0.0:
  version "6.0.0"
  resolved "https://registry.yarnpkg.com/universal-user-agent/-/universal-user-agent-6.0.0.tgz#3381f8503b251c0d9cd21bc1de939ec9df5480ee"
  integrity sha512-isyNax3wXoKaulPDZWHQqbmIx1k2tb9fb3GGDBRxCscfYV2Ch7WxPArBsFEG8s/safwXTT7H4QGhaIkTp9447w==

wrappy@1:
  version "1.0.2"
  resolved "https://registry.yarnpkg.com/wrappy/-/wrappy-1.0.2.tgz#b5243d8f3ec1aa35f1364605bc0d1036e30ab69f"
  integrity sha512-l4Sp/DRseor9wL6EvV2+TuQn63dMkPjZ/sp9XkghTEbV9KlPS1xUsZ3u7/IQO4wxtcFB4bgpQPRcR3QCvezPcQ==
